// !$*UTF8*$!
{
	archiveVersion = 1;
	classes = {
	};
	objectVersion = 48;
	objects = {

/* Begin PBXBuildFile section */
		CC9769B22107EF1900ECD674 /* AppDelegate.m in Sources */ = {isa = PBXBuildFile; fileRef = CC9769B12107EF1900ECD674 /* AppDelegate.m */; };
		CC9769B52107EF1900ECD674 /* ViewController.m in Sources */ = {isa = PBXBuildFile; fileRef = CC9769B42107EF1900ECD674 /* ViewController.m */; };
		CC9769BA2107EF1A00ECD674 /* Assets.xcassets in Resources */ = {isa = PBXBuildFile; fileRef = CC9769B92107EF1A00ECD674 /* Assets.xcassets */; };
		CC9769BD2107EF1A00ECD674 /* LaunchScreen.storyboard in Resources */ = {isa = PBXBuildFile; fileRef = CC9769BB2107EF1A00ECD674 /* LaunchScreen.storyboard */; };
		CC9769C02107EF1A00ECD674 /* main.m in Sources */ = {isa = PBXBuildFile; fileRef = CC9769BF2107EF1A00ECD674 /* main.m */; };
		CC9769CA2107EF1A00ECD674 /* rootlinkTests.m in Sources */ = {isa = PBXBuildFile; fileRef = CC9769C92107EF1A00ECD674 /* rootlinkTests.m */; };
		CC9769D52107EF1A00ECD674 /* rootlinkUITests.m in Sources */ = {isa = PBXBuildFile; fileRef = CC9769D42107EF1A00ECD674 /* rootlinkUITests.m */; };
		CC9769E32107EF3C00ECD674 /* ViewController.xib in Resources */ = {isa = PBXBuildFile; fileRef = CC9769E22107EF3C00ECD674 /* ViewController.xib */; };
		CC9769E72107FAD800ECD674 /* DataViewController.m in Sources */ = {isa = PBXBuildFile; fileRef = CC9769E52107FAD800ECD674 /* DataViewController.m */; };
		CC9769E82107FAD800ECD674 /* DataViewController.xib in Resources */ = {isa = PBXBuildFile; fileRef = CC9769E62107FAD800ECD674 /* DataViewController.xib */; };
		CC9769EC2107FE0A00ECD674 /* DataTableViewCell.m in Sources */ = {isa = PBXBuildFile; fileRef = CC9769EA2107FE0A00ECD674 /* DataTableViewCell.m */; };
		CC9769ED2107FE0A00ECD674 /* DataTableViewCell.xib in Resources */ = {isa = PBXBuildFile; fileRef = CC9769EB2107FE0A00ECD674 /* DataTableViewCell.xib */; };
		CCE77B89210883FD00084C81 /* UIView+Toast.m in Sources */ = {isa = PBXBuildFile; fileRef = CCE77B2D210883FD00084C81 /* UIView+Toast.m */; };
		CCE77B8C210883FD00084C81 /* SVRadialGradientLayer.m in Sources */ = {isa = PBXBuildFile; fileRef = CCE77B34210883FD00084C81 /* SVRadialGradientLayer.m */; };
		CCE77B8D210883FD00084C81 /* SVProgressAnimatedView.m in Sources */ = {isa = PBXBuildFile; fileRef = CCE77B37210883FD00084C81 /* SVProgressAnimatedView.m */; };
		CCE77B8E210883FD00084C81 /* SVProgressHUD.m in Sources */ = {isa = PBXBuildFile; fileRef = CCE77B39210883FD00084C81 /* SVProgressHUD.m */; };
		CCE77B8F210883FD00084C81 /* SVIndefiniteAnimatedView.m in Sources */ = {isa = PBXBuildFile; fileRef = CCE77B3A210883FD00084C81 /* SVIndefiniteAnimatedView.m */; };
		CCE77B90210883FD00084C81 /* SVProgressHUD.bundle in Resources */ = {isa = PBXBuildFile; fileRef = CCE77B3B210883FD00084C81 /* SVProgressHUD.bundle */; };
		CCE77B94210883FD00084C81 /* UIProgressView+AFNetworking.m in Sources */ = {isa = PBXBuildFile; fileRef = CCE77B42210883FD00084C81 /* UIProgressView+AFNetworking.m */; };
		CCE77B95210883FD00084C81 /* UIRefreshControl+AFNetworking.m in Sources */ = {isa = PBXBuildFile; fileRef = CCE77B44210883FD00084C81 /* UIRefreshControl+AFNetworking.m */; };
		CCE77B96210883FD00084C81 /* AFNetworkActivityIndicatorManager.m in Sources */ = {isa = PBXBuildFile; fileRef = CCE77B47210883FD00084C81 /* AFNetworkActivityIndicatorManager.m */; };
		CCE77B97210883FD00084C81 /* UIImageView+AFNetworking.m in Sources */ = {isa = PBXBuildFile; fileRef = CCE77B4D210883FD00084C81 /* UIImageView+AFNetworking.m */; };
		CCE77B98210883FD00084C81 /* UIButton+AFNetworking.m in Sources */ = {isa = PBXBuildFile; fileRef = CCE77B50210883FD00084C81 /* UIButton+AFNetworking.m */; };
		CCE77B99210883FD00084C81 /* UIActivityIndicatorView+AFNetworking.m in Sources */ = {isa = PBXBuildFile; fileRef = CCE77B51210883FD00084C81 /* UIActivityIndicatorView+AFNetworking.m */; };
		CCE77B9A210883FD00084C81 /* UIWebView+AFNetworking.m in Sources */ = {isa = PBXBuildFile; fileRef = CCE77B52210883FD00084C81 /* UIWebView+AFNetworking.m */; };
		CCE77B9B210883FD00084C81 /* AFAutoPurgingImageCache.m in Sources */ = {isa = PBXBuildFile; fileRef = CCE77B53210883FD00084C81 /* AFAutoPurgingImageCache.m */; };
		CCE77B9C210883FD00084C81 /* AFImageDownloader.m in Sources */ = {isa = PBXBuildFile; fileRef = CCE77B55210883FD00084C81 /* AFImageDownloader.m */; };
		CCE77B9D210883FD00084C81 /* AFURLResponseSerialization.m in Sources */ = {isa = PBXBuildFile; fileRef = CCE77B5B210883FD00084C81 /* AFURLResponseSerialization.m */; };
		CCE77B9E210883FD00084C81 /* AFHTTPSessionManager.m in Sources */ = {isa = PBXBuildFile; fileRef = CCE77B5C210883FD00084C81 /* AFHTTPSessionManager.m */; };
		CCE77B9F210883FD00084C81 /* AFURLSessionManager.m in Sources */ = {isa = PBXBuildFile; fileRef = CCE77B5E210883FD00084C81 /* AFURLSessionManager.m */; };
		CCE77BA0210883FD00084C81 /* AFURLRequestSerialization.m in Sources */ = {isa = PBXBuildFile; fileRef = CCE77B5F210883FD00084C81 /* AFURLRequestSerialization.m */; };
		CCE77BA1210883FD00084C81 /* AFNetworkReachabilityManager.m in Sources */ = {isa = PBXBuildFile; fileRef = CCE77B61210883FD00084C81 /* AFNetworkReachabilityManager.m */; };
		CCE77BA2210883FD00084C81 /* AFSecurityPolicy.m in Sources */ = {isa = PBXBuildFile; fileRef = CCE77B62210883FD00084C81 /* AFSecurityPolicy.m */; };
		CCE77BA5210883FD00084C81 /* UIButton+MJHButton.m in Sources */ = {isa = PBXBuildFile; fileRef = CCE77B69210883FD00084C81 /* UIButton+MJHButton.m */; };
		CCE77BA6210883FD00084C81 /* NSString+MJHEncryption.m in Sources */ = {isa = PBXBuildFile; fileRef = CCE77B6C210883FD00084C81 /* NSString+MJHEncryption.m */; };
		CCE77BA7210883FD00084C81 /* UIColor+MJHColor.m in Sources */ = {isa = PBXBuildFile; fileRef = CCE77B6E210883FD00084C81 /* UIColor+MJHColor.m */; };
		CCE77BA8210883FD00084C81 /* NSArray+MJHArray.m in Sources */ = {isa = PBXBuildFile; fileRef = CCE77B70210883FD00084C81 /* NSArray+MJHArray.m */; };
		CCE77BAA210883FD00084C81 /* UIView+MJHView.m in Sources */ = {isa = PBXBuildFile; fileRef = CCE77B74210883FD00084C81 /* UIView+MJHView.m */; };
		CCE77BAB210883FD00084C81 /* NSData+MJHData.m in Sources */ = {isa = PBXBuildFile; fileRef = CCE77B78210883FD00084C81 /* NSData+MJHData.m */; };
		CCE77BAC210883FD00084C81 /* MJHAFNetworking.m in Sources */ = {isa = PBXBuildFile; fileRef = CCE77B7B210883FD00084C81 /* MJHAFNetworking.m */; };
		CCE77BAD210883FD00084C81 /* NSString+MJHRestfulRequestUtil.m in Sources */ = {isa = PBXBuildFile; fileRef = CCE77B7C210883FD00084C81 /* NSString+MJHRestfulRequestUtil.m */; };
		CCE77BAE210883FD00084C81 /* NSDate+MJHDate.m in Sources */ = {isa = PBXBuildFile; fileRef = CCE77B7D210883FD00084C81 /* NSDate+MJHDate.m */; };
		CCE77BAF210883FD00084C81 /* NSString+MJHHelper.m in Sources */ = {isa = PBXBuildFile; fileRef = CCE77B7F210883FD00084C81 /* NSString+MJHHelper.m */; };
		CCE77BB0210883FD00084C81 /* NSDictionary+MJHDictionary.m in Sources */ = {isa = PBXBuildFile; fileRef = CCE77B81210883FD00084C81 /* NSDictionary+MJHDictionary.m */; };
		CCE77BB1210883FD00084C81 /* NSObject+MJHRuntime.m in Sources */ = {isa = PBXBuildFile; fileRef = CCE77B83210883FD00084C81 /* NSObject+MJHRuntime.m */; };
		CCE77BB2210883FD00084C81 /* SVProgressHUD+MJHSVProgressHUDUtil.m in Sources */ = {isa = PBXBuildFile; fileRef = CCE77B84210883FD00084C81 /* SVProgressHUD+MJHSVProgressHUDUtil.m */; };
		CCE77BB3210883FD00084C81 /* UIImageView+MJHImageView.m in Sources */ = {isa = PBXBuildFile; fileRef = CCE77B86210883FD00084C81 /* UIImageView+MJHImageView.m */; };
/* End PBXBuildFile section */

/* Begin PBXContainerItemProxy section */
		CC9769C62107EF1A00ECD674 /* PBXContainerItemProxy */ = {
			isa = PBXContainerItemProxy;
			containerPortal = CC9769A52107EF1900ECD674 /* Project object */;
			proxyType = 1;
			remoteGlobalIDString = CC9769AC2107EF1900ECD674;
			remoteInfo = rootlink;
		};
		CC9769D12107EF1A00ECD674 /* PBXContainerItemProxy */ = {
			isa = PBXContainerItemProxy;
			containerPortal = CC9769A52107EF1900ECD674 /* Project object */;
			proxyType = 1;
			remoteGlobalIDString = CC9769AC2107EF1900ECD674;
			remoteInfo = rootlink;
		};
/* End PBXContainerItemProxy section */

/* Begin PBXFileReference section */
		6FF8A5B0205091F19798A68A /* Pods-rootlink.debug.xcconfig */ = {isa = PBXFileReference; includeInIndex = 1; lastKnownFileType = text.xcconfig; name = "Pods-rootlink.debug.xcconfig"; path = "Pods/Target Support Files/Pods-rootlink/Pods-rootlink.debug.xcconfig"; sourceTree = "<group>"; };
		77C00B59FE806C33F13471E0 /* Pods-rootlink.release.xcconfig */ = {isa = PBXFileReference; includeInIndex = 1; lastKnownFileType = text.xcconfig; name = "Pods-rootlink.release.xcconfig"; path = "Pods/Target Support Files/Pods-rootlink/Pods-rootlink.release.xcconfig"; sourceTree = "<group>"; };
		B62C753E2E7AB25D2B8B4E16 /* libPods-rootlink.a */ = {isa = PBXFileReference; explicitFileType = archive.ar; includeInIndex = 0; path = "libPods-rootlink.a"; sourceTree = BUILT_PRODUCTS_DIR; };
		CC9769AD2107EF1900ECD674 /* rootlink.app */ = {isa = PBXFileReference; explicitFileType = wrapper.application; includeInIndex = 0; path = rootlink.app; sourceTree = BUILT_PRODUCTS_DIR; };
		CC9769B02107EF1900ECD674 /* AppDelegate.h */ = {isa = PBXFileReference; lastKnownFileType = sourcecode.c.h; path = AppDelegate.h; sourceTree = "<group>"; };
		CC9769B12107EF1900ECD674 /* AppDelegate.m */ = {isa = PBXFileReference; lastKnownFileType = sourcecode.c.objc; path = AppDelegate.m; sourceTree = "<group>"; };
		CC9769B32107EF1900ECD674 /* ViewController.h */ = {isa = PBXFileReference; lastKnownFileType = sourcecode.c.h; path = ViewController.h; sourceTree = "<group>"; };
		CC9769B42107EF1900ECD674 /* ViewController.m */ = {isa = PBXFileReference; lastKnownFileType = sourcecode.c.objc; path = ViewController.m; sourceTree = "<group>"; };
		CC9769B92107EF1A00ECD674 /* Assets.xcassets */ = {isa = PBXFileReference; lastKnownFileType = folder.assetcatalog; path = Assets.xcassets; sourceTree = "<group>"; };
		CC9769BC2107EF1A00ECD674 /* Base */ = {isa = PBXFileReference; lastKnownFileType = file.storyboard; name = Base; path = Base.lproj/LaunchScreen.storyboard; sourceTree = "<group>"; };
		CC9769BE2107EF1A00ECD674 /* Info.plist */ = {isa = PBXFileReference; lastKnownFileType = text.plist.xml; path = Info.plist; sourceTree = "<group>"; };
		CC9769BF2107EF1A00ECD674 /* main.m */ = {isa = PBXFileReference; lastKnownFileType = sourcecode.c.objc; path = main.m; sourceTree = "<group>"; };
		CC9769C52107EF1A00ECD674 /* rootlinkTests.xctest */ = {isa = PBXFileReference; explicitFileType = wrapper.cfbundle; includeInIndex = 0; path = rootlinkTests.xctest; sourceTree = BUILT_PRODUCTS_DIR; };
		CC9769C92107EF1A00ECD674 /* rootlinkTests.m */ = {isa = PBXFileReference; lastKnownFileType = sourcecode.c.objc; path = rootlinkTests.m; sourceTree = "<group>"; };
		CC9769CB2107EF1A00ECD674 /* Info.plist */ = {isa = PBXFileReference; lastKnownFileType = text.plist.xml; path = Info.plist; sourceTree = "<group>"; };
		CC9769D02107EF1A00ECD674 /* rootlinkUITests.xctest */ = {isa = PBXFileReference; explicitFileType = wrapper.cfbundle; includeInIndex = 0; path = rootlinkUITests.xctest; sourceTree = BUILT_PRODUCTS_DIR; };
		CC9769D42107EF1A00ECD674 /* rootlinkUITests.m */ = {isa = PBXFileReference; lastKnownFileType = sourcecode.c.objc; path = rootlinkUITests.m; sourceTree = "<group>"; };
		CC9769D62107EF1A00ECD674 /* Info.plist */ = {isa = PBXFileReference; lastKnownFileType = text.plist.xml; path = Info.plist; sourceTree = "<group>"; };
		CC9769E22107EF3C00ECD674 /* ViewController.xib */ = {isa = PBXFileReference; lastKnownFileType = file.xib; path = ViewController.xib; sourceTree = "<group>"; };
		CC9769E42107FAD800ECD674 /* DataViewController.h */ = {isa = PBXFileReference; lastKnownFileType = sourcecode.c.h; path = DataViewController.h; sourceTree = "<group>"; };
		CC9769E52107FAD800ECD674 /* DataViewController.m */ = {isa = PBXFileReference; lastKnownFileType = sourcecode.c.objc; path = DataViewController.m; sourceTree = "<group>"; };
		CC9769E62107FAD800ECD674 /* DataViewController.xib */ = {isa = PBXFileReference; lastKnownFileType = file.xib; path = DataViewController.xib; sourceTree = "<group>"; };
		CC9769E92107FE0A00ECD674 /* DataTableViewCell.h */ = {isa = PBXFileReference; lastKnownFileType = sourcecode.c.h; path = DataTableViewCell.h; sourceTree = "<group>"; };
		CC9769EA2107FE0A00ECD674 /* DataTableViewCell.m */ = {isa = PBXFileReference; lastKnownFileType = sourcecode.c.objc; path = DataTableViewCell.m; sourceTree = "<group>"; };
		CC9769EB2107FE0A00ECD674 /* DataTableViewCell.xib */ = {isa = PBXFileReference; lastKnownFileType = file.xib; path = DataTableViewCell.xib; sourceTree = "<group>"; };
		CCE77B2C210883FD00084C81 /* UIView+Toast.h */ = {isa = PBXFileReference; fileEncoding = 4; lastKnownFileType = sourcecode.c.h; path = "UIView+Toast.h"; sourceTree = "<group>"; };
		CCE77B2D210883FD00084C81 /* UIView+Toast.m */ = {isa = PBXFileReference; fileEncoding = 4; lastKnownFileType = sourcecode.c.objc; path = "UIView+Toast.m"; sourceTree = "<group>"; };
		CCE77B34210883FD00084C81 /* SVRadialGradientLayer.m */ = {isa = PBXFileReference; fileEncoding = 4; lastKnownFileType = sourcecode.c.objc; path = SVRadialGradientLayer.m; sourceTree = "<group>"; };
		CCE77B35210883FD00084C81 /* SVIndefiniteAnimatedView.h */ = {isa = PBXFileReference; fileEncoding = 4; lastKnownFileType = sourcecode.c.h; path = SVIndefiniteAnimatedView.h; sourceTree = "<group>"; };
		CCE77B36210883FD00084C81 /* SVProgressHUD.h */ = {isa = PBXFileReference; fileEncoding = 4; lastKnownFileType = sourcecode.c.h; path = SVProgressHUD.h; sourceTree = "<group>"; };
		CCE77B37210883FD00084C81 /* SVProgressAnimatedView.m */ = {isa = PBXFileReference; fileEncoding = 4; lastKnownFileType = sourcecode.c.objc; path = SVProgressAnimatedView.m; sourceTree = "<group>"; };
		CCE77B38210883FD00084C81 /* SVRadialGradientLayer.h */ = {isa = PBXFileReference; fileEncoding = 4; lastKnownFileType = sourcecode.c.h; path = SVRadialGradientLayer.h; sourceTree = "<group>"; };
		CCE77B39210883FD00084C81 /* SVProgressHUD.m */ = {isa = PBXFileReference; fileEncoding = 4; lastKnownFileType = sourcecode.c.objc; path = SVProgressHUD.m; sourceTree = "<group>"; };
		CCE77B3A210883FD00084C81 /* SVIndefiniteAnimatedView.m */ = {isa = PBXFileReference; fileEncoding = 4; lastKnownFileType = sourcecode.c.objc; path = SVIndefiniteAnimatedView.m; sourceTree = "<group>"; };
		CCE77B3B210883FD00084C81 /* SVProgressHUD.bundle */ = {isa = PBXFileReference; lastKnownFileType = "wrapper.plug-in"; path = SVProgressHUD.bundle; sourceTree = "<group>"; };
		CCE77B3C210883FD00084C81 /* SVProgressAnimatedView.h */ = {isa = PBXFileReference; fileEncoding = 4; lastKnownFileType = sourcecode.c.h; path = SVProgressAnimatedView.h; sourceTree = "<group>"; };
		CCE77B42210883FD00084C81 /* UIProgressView+AFNetworking.m */ = {isa = PBXFileReference; fileEncoding = 4; lastKnownFileType = sourcecode.c.objc; path = "UIProgressView+AFNetworking.m"; sourceTree = "<group>"; };
		CCE77B43210883FD00084C81 /* UIButton+AFNetworking.h */ = {isa = PBXFileReference; fileEncoding = 4; lastKnownFileType = sourcecode.c.h; path = "UIButton+AFNetworking.h"; sourceTree = "<group>"; };
		CCE77B44210883FD00084C81 /* UIRefreshControl+AFNetworking.m */ = {isa = PBXFileReference; fileEncoding = 4; lastKnownFileType = sourcecode.c.objc; path = "UIRefreshControl+AFNetworking.m"; sourceTree = "<group>"; };
		CCE77B45210883FD00084C81 /* UIImageView+AFNetworking.h */ = {isa = PBXFileReference; fileEncoding = 4; lastKnownFileType = sourcecode.c.h; path = "UIImageView+AFNetworking.h"; sourceTree = "<group>"; };
		CCE77B46210883FD00084C81 /* AFImageDownloader.h */ = {isa = PBXFileReference; fileEncoding = 4; lastKnownFileType = sourcecode.c.h; path = AFImageDownloader.h; sourceTree = "<group>"; };
		CCE77B47210883FD00084C81 /* AFNetworkActivityIndicatorManager.m */ = {isa = PBXFileReference; fileEncoding = 4; lastKnownFileType = sourcecode.c.objc; path = AFNetworkActivityIndicatorManager.m; sourceTree = "<group>"; };
		CCE77B48210883FD00084C81 /* AFAutoPurgingImageCache.h */ = {isa = PBXFileReference; fileEncoding = 4; lastKnownFileType = sourcecode.c.h; path = AFAutoPurgingImageCache.h; sourceTree = "<group>"; };
		CCE77B49210883FD00084C81 /* UIWebView+AFNetworking.h */ = {isa = PBXFileReference; fileEncoding = 4; lastKnownFileType = sourcecode.c.h; path = "UIWebView+AFNetworking.h"; sourceTree = "<group>"; };
		CCE77B4A210883FD00084C81 /* UIActivityIndicatorView+AFNetworking.h */ = {isa = PBXFileReference; fileEncoding = 4; lastKnownFileType = sourcecode.c.h; path = "UIActivityIndicatorView+AFNetworking.h"; sourceTree = "<group>"; };
		CCE77B4B210883FD00084C81 /* UIImage+AFNetworking.h */ = {isa = PBXFileReference; fileEncoding = 4; lastKnownFileType = sourcecode.c.h; path = "UIImage+AFNetworking.h"; sourceTree = "<group>"; };
		CCE77B4C210883FD00084C81 /* UIProgressView+AFNetworking.h */ = {isa = PBXFileReference; fileEncoding = 4; lastKnownFileType = sourcecode.c.h; path = "UIProgressView+AFNetworking.h"; sourceTree = "<group>"; };
		CCE77B4D210883FD00084C81 /* UIImageView+AFNetworking.m */ = {isa = PBXFileReference; fileEncoding = 4; lastKnownFileType = sourcecode.c.objc; path = "UIImageView+AFNetworking.m"; sourceTree = "<group>"; };
		CCE77B4E210883FD00084C81 /* UIKit+AFNetworking.h */ = {isa = PBXFileReference; fileEncoding = 4; lastKnownFileType = sourcecode.c.h; path = "UIKit+AFNetworking.h"; sourceTree = "<group>"; };
		CCE77B4F210883FD00084C81 /* UIRefreshControl+AFNetworking.h */ = {isa = PBXFileReference; fileEncoding = 4; lastKnownFileType = sourcecode.c.h; path = "UIRefreshControl+AFNetworking.h"; sourceTree = "<group>"; };
		CCE77B50210883FD00084C81 /* UIButton+AFNetworking.m */ = {isa = PBXFileReference; fileEncoding = 4; lastKnownFileType = sourcecode.c.objc; path = "UIButton+AFNetworking.m"; sourceTree = "<group>"; };
		CCE77B51210883FD00084C81 /* UIActivityIndicatorView+AFNetworking.m */ = {isa = PBXFileReference; fileEncoding = 4; lastKnownFileType = sourcecode.c.objc; path = "UIActivityIndicatorView+AFNetworking.m"; sourceTree = "<group>"; };
		CCE77B52210883FD00084C81 /* UIWebView+AFNetworking.m */ = {isa = PBXFileReference; fileEncoding = 4; lastKnownFileType = sourcecode.c.objc; path = "UIWebView+AFNetworking.m"; sourceTree = "<group>"; };
		CCE77B53210883FD00084C81 /* AFAutoPurgingImageCache.m */ = {isa = PBXFileReference; fileEncoding = 4; lastKnownFileType = sourcecode.c.objc; path = AFAutoPurgingImageCache.m; sourceTree = "<group>"; };
		CCE77B54210883FD00084C81 /* AFNetworkActivityIndicatorManager.h */ = {isa = PBXFileReference; fileEncoding = 4; lastKnownFileType = sourcecode.c.h; path = AFNetworkActivityIndicatorManager.h; sourceTree = "<group>"; };
		CCE77B55210883FD00084C81 /* AFImageDownloader.m */ = {isa = PBXFileReference; fileEncoding = 4; lastKnownFileType = sourcecode.c.objc; path = AFImageDownloader.m; sourceTree = "<group>"; };
		CCE77B57210883FD00084C81 /* AFSecurityPolicy.h */ = {isa = PBXFileReference; fileEncoding = 4; lastKnownFileType = sourcecode.c.h; path = AFSecurityPolicy.h; sourceTree = "<group>"; };
		CCE77B58210883FD00084C81 /* AFNetworkReachabilityManager.h */ = {isa = PBXFileReference; fileEncoding = 4; lastKnownFileType = sourcecode.c.h; path = AFNetworkReachabilityManager.h; sourceTree = "<group>"; };
		CCE77B59210883FD00084C81 /* AFURLSessionManager.h */ = {isa = PBXFileReference; fileEncoding = 4; lastKnownFileType = sourcecode.c.h; path = AFURLSessionManager.h; sourceTree = "<group>"; };
		CCE77B5A210883FD00084C81 /* AFURLRequestSerialization.h */ = {isa = PBXFileReference; fileEncoding = 4; lastKnownFileType = sourcecode.c.h; path = AFURLRequestSerialization.h; sourceTree = "<group>"; };
		CCE77B5B210883FD00084C81 /* AFURLResponseSerialization.m */ = {isa = PBXFileReference; fileEncoding = 4; lastKnownFileType = sourcecode.c.objc; path = AFURLResponseSerialization.m; sourceTree = "<group>"; };
		CCE77B5C210883FD00084C81 /* AFHTTPSessionManager.m */ = {isa = PBXFileReference; fileEncoding = 4; lastKnownFileType = sourcecode.c.objc; path = AFHTTPSessionManager.m; sourceTree = "<group>"; };
		CCE77B5D210883FD00084C81 /* AFURLResponseSerialization.h */ = {isa = PBXFileReference; fileEncoding = 4; lastKnownFileType = sourcecode.c.h; path = AFURLResponseSerialization.h; sourceTree = "<group>"; };
		CCE77B5E210883FD00084C81 /* AFURLSessionManager.m */ = {isa = PBXFileReference; fileEncoding = 4; lastKnownFileType = sourcecode.c.objc; path = AFURLSessionManager.m; sourceTree = "<group>"; };
		CCE77B5F210883FD00084C81 /* AFURLRequestSerialization.m */ = {isa = PBXFileReference; fileEncoding = 4; lastKnownFileType = sourcecode.c.objc; path = AFURLRequestSerialization.m; sourceTree = "<group>"; };
		CCE77B60210883FD00084C81 /* AFNetworking.h */ = {isa = PBXFileReference; fileEncoding = 4; lastKnownFileType = sourcecode.c.h; path = AFNetworking.h; sourceTree = "<group>"; };
		CCE77B61210883FD00084C81 /* AFNetworkReachabilityManager.m */ = {isa = PBXFileReference; fileEncoding = 4; lastKnownFileType = sourcecode.c.objc; path = AFNetworkReachabilityManager.m; sourceTree = "<group>"; };
		CCE77B62210883FD00084C81 /* AFSecurityPolicy.m */ = {isa = PBXFileReference; fileEncoding = 4; lastKnownFileType = sourcecode.c.objc; path = AFSecurityPolicy.m; sourceTree = "<group>"; };
		CCE77B63210883FD00084C81 /* AFCompatibilityMacros.h */ = {isa = PBXFileReference; fileEncoding = 4; lastKnownFileType = sourcecode.c.h; path = AFCompatibilityMacros.h; sourceTree = "<group>"; };
		CCE77B64210883FD00084C81 /* AFHTTPSessionManager.h */ = {isa = PBXFileReference; fileEncoding = 4; lastKnownFileType = sourcecode.c.h; path = AFHTTPSessionManager.h; sourceTree = "<group>"; };
		CCE77B69210883FD00084C81 /* UIButton+MJHButton.m */ = {isa = PBXFileReference; fileEncoding = 4; lastKnownFileType = sourcecode.c.objc; path = "UIButton+MJHButton.m"; sourceTree = "<group>"; };
		CCE77B6A210883FD00084C81 /* NSString+MJHRestfulRequestUtil.h */ = {isa = PBXFileReference; fileEncoding = 4; lastKnownFileType = sourcecode.c.h; path = "NSString+MJHRestfulRequestUtil.h"; sourceTree = "<group>"; };
		CCE77B6B210883FD00084C81 /* MJHAFNetworking.h */ = {isa = PBXFileReference; fileEncoding = 4; lastKnownFileType = sourcecode.c.h; path = MJHAFNetworking.h; sourceTree = "<group>"; };
		CCE77B6C210883FD00084C81 /* NSString+MJHEncryption.m */ = {isa = PBXFileReference; fileEncoding = 4; lastKnownFileType = sourcecode.c.objc; path = "NSString+MJHEncryption.m"; sourceTree = "<group>"; };
		CCE77B6D210883FD00084C81 /* NSString+MJHHelper.h */ = {isa = PBXFileReference; fileEncoding = 4; lastKnownFileType = sourcecode.c.h; path = "NSString+MJHHelper.h"; sourceTree = "<group>"; };
		CCE77B6E210883FD00084C81 /* UIColor+MJHColor.m */ = {isa = PBXFileReference; fileEncoding = 4; lastKnownFileType = sourcecode.c.objc; path = "UIColor+MJHColor.m"; sourceTree = "<group>"; };
		CCE77B6F210883FD00084C81 /* NSDate+MJHDate.h */ = {isa = PBXFileReference; fileEncoding = 4; lastKnownFileType = sourcecode.c.h; path = "NSDate+MJHDate.h"; sourceTree = "<group>"; };
		CCE77B70210883FD00084C81 /* NSArray+MJHArray.m */ = {isa = PBXFileReference; fileEncoding = 4; lastKnownFileType = sourcecode.c.objc; path = "NSArray+MJHArray.m"; sourceTree = "<group>"; };
		CCE77B71210883FD00084C81 /* UIImageView+MJHImageView.h */ = {isa = PBXFileReference; fileEncoding = 4; lastKnownFileType = sourcecode.c.h; path = "UIImageView+MJHImageView.h"; sourceTree = "<group>"; };
		CCE77B73210883FD00084C81 /* SVProgressHUD+MJHSVProgressHUDUtil.h */ = {isa = PBXFileReference; fileEncoding = 4; lastKnownFileType = sourcecode.c.h; path = "SVProgressHUD+MJHSVProgressHUDUtil.h"; sourceTree = "<group>"; };
		CCE77B74210883FD00084C81 /* UIView+MJHView.m */ = {isa = PBXFileReference; fileEncoding = 4; lastKnownFileType = sourcecode.c.objc; path = "UIView+MJHView.m"; sourceTree = "<group>"; };
		CCE77B75210883FD00084C81 /* NSObject+MJHRuntime.h */ = {isa = PBXFileReference; fileEncoding = 4; lastKnownFileType = sourcecode.c.h; path = "NSObject+MJHRuntime.h"; sourceTree = "<group>"; };
		CCE77B76210883FD00084C81 /* MJHCategoriesHeader.h */ = {isa = PBXFileReference; fileEncoding = 4; lastKnownFileType = sourcecode.c.h; path = MJHCategoriesHeader.h; sourceTree = "<group>"; };
		CCE77B77210883FD00084C81 /* NSDictionary+MJHDictionary.h */ = {isa = PBXFileReference; fileEncoding = 4; lastKnownFileType = sourcecode.c.h; path = "NSDictionary+MJHDictionary.h"; sourceTree = "<group>"; };
		CCE77B78210883FD00084C81 /* NSData+MJHData.m */ = {isa = PBXFileReference; fileEncoding = 4; lastKnownFileType = sourcecode.c.objc; path = "NSData+MJHData.m"; sourceTree = "<group>"; };
		CCE77B79210883FD00084C81 /* UIButton+MJHButton.h */ = {isa = PBXFileReference; fileEncoding = 4; lastKnownFileType = sourcecode.c.h; path = "UIButton+MJHButton.h"; sourceTree = "<group>"; };
		CCE77B7A210883FD00084C81 /* NSString+MJHEncryption.h */ = {isa = PBXFileReference; fileEncoding = 4; lastKnownFileType = sourcecode.c.h; path = "NSString+MJHEncryption.h"; sourceTree = "<group>"; };
		CCE77B7B210883FD00084C81 /* MJHAFNetworking.m */ = {isa = PBXFileReference; fileEncoding = 4; lastKnownFileType = sourcecode.c.objc; path = MJHAFNetworking.m; sourceTree = "<group>"; };
		CCE77B7C210883FD00084C81 /* NSString+MJHRestfulRequestUtil.m */ = {isa = PBXFileReference; fileEncoding = 4; lastKnownFileType = sourcecode.c.objc; path = "NSString+MJHRestfulRequestUtil.m"; sourceTree = "<group>"; };
		CCE77B7D210883FD00084C81 /* NSDate+MJHDate.m */ = {isa = PBXFileReference; fileEncoding = 4; lastKnownFileType = sourcecode.c.objc; path = "NSDate+MJHDate.m"; sourceTree = "<group>"; };
		CCE77B7E210883FD00084C81 /* UIColor+MJHColor.h */ = {isa = PBXFileReference; fileEncoding = 4; lastKnownFileType = sourcecode.c.h; path = "UIColor+MJHColor.h"; sourceTree = "<group>"; };
		CCE77B7F210883FD00084C81 /* NSString+MJHHelper.m */ = {isa = PBXFileReference; fileEncoding = 4; lastKnownFileType = sourcecode.c.objc; path = "NSString+MJHHelper.m"; sourceTree = "<group>"; };
		CCE77B80210883FD00084C81 /* NSData+MJHData.h */ = {isa = PBXFileReference; fileEncoding = 4; lastKnownFileType = sourcecode.c.h; path = "NSData+MJHData.h"; sourceTree = "<group>"; };
		CCE77B81210883FD00084C81 /* NSDictionary+MJHDictionary.m */ = {isa = PBXFileReference; fileEncoding = 4; lastKnownFileType = sourcecode.c.objc; path = "NSDictionary+MJHDictionary.m"; sourceTree = "<group>"; };
		CCE77B82210883FD00084C81 /* UIView+MJHView.h */ = {isa = PBXFileReference; fileEncoding = 4; lastKnownFileType = sourcecode.c.h; path = "UIView+MJHView.h"; sourceTree = "<group>"; };
		CCE77B83210883FD00084C81 /* NSObject+MJHRuntime.m */ = {isa = PBXFileReference; fileEncoding = 4; lastKnownFileType = sourcecode.c.objc; path = "NSObject+MJHRuntime.m"; sourceTree = "<group>"; };
		CCE77B84210883FD00084C81 /* SVProgressHUD+MJHSVProgressHUDUtil.m */ = {isa = PBXFileReference; fileEncoding = 4; lastKnownFileType = sourcecode.c.objc; path = "SVProgressHUD+MJHSVProgressHUDUtil.m"; sourceTree = "<group>"; };
		CCE77B86210883FD00084C81 /* UIImageView+MJHImageView.m */ = {isa = PBXFileReference; fileEncoding = 4; lastKnownFileType = sourcecode.c.objc; path = "UIImageView+MJHImageView.m"; sourceTree = "<group>"; };
		CCE77B87210883FD00084C81 /* NSArray+MJHArray.h */ = {isa = PBXFileReference; fileEncoding = 4; lastKnownFileType = sourcecode.c.h; path = "NSArray+MJHArray.h"; sourceTree = "<group>"; };
/* End PBXFileReference section */

/* Begin PBXFrameworksBuildPhase section */
		CC9769AA2107EF1900ECD674 /* Frameworks */ = {
			isa = PBXFrameworksBuildPhase;
			buildActionMask = 2147483647;
			files = (
			);
			runOnlyForDeploymentPostprocessing = 0;
		};
		CC9769C22107EF1A00ECD674 /* Frameworks */ = {
			isa = PBXFrameworksBuildPhase;
			buildActionMask = 2147483647;
			files = (
			);
			runOnlyForDeploymentPostprocessing = 0;
		};
		CC9769CD2107EF1A00ECD674 /* Frameworks */ = {
			isa = PBXFrameworksBuildPhase;
			buildActionMask = 2147483647;
			files = (
			);
			runOnlyForDeploymentPostprocessing = 0;
		};
/* End PBXFrameworksBuildPhase section */

/* Begin PBXGroup section */
		7D514C1BD96E65935B6D72B6 /* Pods */ = {
			isa = PBXGroup;
			children = (
				6FF8A5B0205091F19798A68A /* Pods-rootlink.debug.xcconfig */,
				77C00B59FE806C33F13471E0 /* Pods-rootlink.release.xcconfig */,
			);
			name = Pods;
			sourceTree = "<group>";
		};
		9EB2388850EA1CDC0546629E /* Frameworks */ = {
			isa = PBXGroup;
			children = (
				B62C753E2E7AB25D2B8B4E16 /* libPods-rootlink.a */,
			);
			name = Frameworks;
			sourceTree = "<group>";
		};
		CC9769A42107EF1900ECD674 = {
			isa = PBXGroup;
			children = (
				CC9769AF2107EF1900ECD674 /* rootlink */,
				CC9769C82107EF1A00ECD674 /* rootlinkTests */,
				CC9769D32107EF1A00ECD674 /* rootlinkUITests */,
				CC9769AE2107EF1900ECD674 /* Products */,
				7D514C1BD96E65935B6D72B6 /* Pods */,
				9EB2388850EA1CDC0546629E /* Frameworks */,
			);
			sourceTree = "<group>";
		};
		CC9769AE2107EF1900ECD674 /* Products */ = {
			isa = PBXGroup;
			children = (
				CC9769AD2107EF1900ECD674 /* rootlink.app */,
				CC9769C52107EF1A00ECD674 /* rootlinkTests.xctest */,
				CC9769D02107EF1A00ECD674 /* rootlinkUITests.xctest */,
			);
			name = Products;
			sourceTree = "<group>";
		};
		CC9769AF2107EF1900ECD674 /* rootlink */ = {
			isa = PBXGroup;
			children = (
				CCE77B28210883FD00084C81 /* Lib */,
				CC9769B02107EF1900ECD674 /* AppDelegate.h */,
				CC9769B12107EF1900ECD674 /* AppDelegate.m */,
				CC9769B32107EF1900ECD674 /* ViewController.h */,
				CC9769B42107EF1900ECD674 /* ViewController.m */,
				CC9769E22107EF3C00ECD674 /* ViewController.xib */,
				CC9769E42107FAD800ECD674 /* DataViewController.h */,
				CC9769E52107FAD800ECD674 /* DataViewController.m */,
				CC9769E62107FAD800ECD674 /* DataViewController.xib */,
				CC9769E92107FE0A00ECD674 /* DataTableViewCell.h */,
				CC9769EA2107FE0A00ECD674 /* DataTableViewCell.m */,
				CC9769EB2107FE0A00ECD674 /* DataTableViewCell.xib */,
				CC9769B92107EF1A00ECD674 /* Assets.xcassets */,
				CC9769BB2107EF1A00ECD674 /* LaunchScreen.storyboard */,
				CC9769BE2107EF1A00ECD674 /* Info.plist */,
				CC9769BF2107EF1A00ECD674 /* main.m */,
			);
			path = rootlink;
			sourceTree = "<group>";
		};
		CC9769C82107EF1A00ECD674 /* rootlinkTests */ = {
			isa = PBXGroup;
			children = (
				CC9769C92107EF1A00ECD674 /* rootlinkTests.m */,
				CC9769CB2107EF1A00ECD674 /* Info.plist */,
			);
			path = rootlinkTests;
			sourceTree = "<group>";
		};
		CC9769D32107EF1A00ECD674 /* rootlinkUITests */ = {
			isa = PBXGroup;
			children = (
				CC9769D42107EF1A00ECD674 /* rootlinkUITests.m */,
				CC9769D62107EF1A00ECD674 /* Info.plist */,
			);
			path = rootlinkUITests;
			sourceTree = "<group>";
		};
		CCE77B28210883FD00084C81 /* Lib */ = {
			isa = PBXGroup;
			children = (
				CCE77B29210883FD00084C81 /* Toast */,
				CCE77B31210883FD00084C81 /* SVProgressHUD */,
				CCE77B3E210883FD00084C81 /* AFNetworking */,
				CCE77B65210883FD00084C81 /* MJHFoundation */,
			);
			path = Lib;
			sourceTree = SOURCE_ROOT;
		};
		CCE77B29210883FD00084C81 /* Toast */ = {
			isa = PBXGroup;
			children = (
				CCE77B2B210883FD00084C81 /* Toast */,
			);
			path = Toast;
			sourceTree = "<group>";
		};
		CCE77B2B210883FD00084C81 /* Toast */ = {
			isa = PBXGroup;
			children = (
				CCE77B2C210883FD00084C81 /* UIView+Toast.h */,
				CCE77B2D210883FD00084C81 /* UIView+Toast.m */,
			);
			path = Toast;
			sourceTree = "<group>";
		};
		CCE77B31210883FD00084C81 /* SVProgressHUD */ = {
			isa = PBXGroup;
			children = (
				CCE77B33210883FD00084C81 /* SVProgressHUD */,
			);
			path = SVProgressHUD;
			sourceTree = "<group>";
		};
		CCE77B33210883FD00084C81 /* SVProgressHUD */ = {
			isa = PBXGroup;
			children = (
				CCE77B34210883FD00084C81 /* SVRadialGradientLayer.m */,
				CCE77B35210883FD00084C81 /* SVIndefiniteAnimatedView.h */,
				CCE77B36210883FD00084C81 /* SVProgressHUD.h */,
				CCE77B37210883FD00084C81 /* SVProgressAnimatedView.m */,
				CCE77B38210883FD00084C81 /* SVRadialGradientLayer.h */,
				CCE77B39210883FD00084C81 /* SVProgressHUD.m */,
				CCE77B3A210883FD00084C81 /* SVIndefiniteAnimatedView.m */,
				CCE77B3B210883FD00084C81 /* SVProgressHUD.bundle */,
				CCE77B3C210883FD00084C81 /* SVProgressAnimatedView.h */,
			);
			path = SVProgressHUD;
			sourceTree = "<group>";
		};
		CCE77B3E210883FD00084C81 /* AFNetworking */ = {
			isa = PBXGroup;
			children = (
				CCE77B41210883FD00084C81 /* UIKit+AFNetworking */,
				CCE77B56210883FD00084C81 /* AFNetworking */,
			);
			path = AFNetworking;
			sourceTree = "<group>";
		};
		CCE77B41210883FD00084C81 /* UIKit+AFNetworking */ = {
			isa = PBXGroup;
			children = (
				CCE77B42210883FD00084C81 /* UIProgressView+AFNetworking.m */,
				CCE77B43210883FD00084C81 /* UIButton+AFNetworking.h */,
				CCE77B44210883FD00084C81 /* UIRefreshControl+AFNetworking.m */,
				CCE77B45210883FD00084C81 /* UIImageView+AFNetworking.h */,
				CCE77B46210883FD00084C81 /* AFImageDownloader.h */,
				CCE77B47210883FD00084C81 /* AFNetworkActivityIndicatorManager.m */,
				CCE77B48210883FD00084C81 /* AFAutoPurgingImageCache.h */,
				CCE77B49210883FD00084C81 /* UIWebView+AFNetworking.h */,
				CCE77B4A210883FD00084C81 /* UIActivityIndicatorView+AFNetworking.h */,
				CCE77B4B210883FD00084C81 /* UIImage+AFNetworking.h */,
				CCE77B4C210883FD00084C81 /* UIProgressView+AFNetworking.h */,
				CCE77B4D210883FD00084C81 /* UIImageView+AFNetworking.m */,
				CCE77B4E210883FD00084C81 /* UIKit+AFNetworking.h */,
				CCE77B4F210883FD00084C81 /* UIRefreshControl+AFNetworking.h */,
				CCE77B50210883FD00084C81 /* UIButton+AFNetworking.m */,
				CCE77B51210883FD00084C81 /* UIActivityIndicatorView+AFNetworking.m */,
				CCE77B52210883FD00084C81 /* UIWebView+AFNetworking.m */,
				CCE77B53210883FD00084C81 /* AFAutoPurgingImageCache.m */,
				CCE77B54210883FD00084C81 /* AFNetworkActivityIndicatorManager.h */,
				CCE77B55210883FD00084C81 /* AFImageDownloader.m */,
			);
			path = "UIKit+AFNetworking";
			sourceTree = "<group>";
		};
		CCE77B56210883FD00084C81 /* AFNetworking */ = {
			isa = PBXGroup;
			children = (
				CCE77B57210883FD00084C81 /* AFSecurityPolicy.h */,
				CCE77B58210883FD00084C81 /* AFNetworkReachabilityManager.h */,
				CCE77B59210883FD00084C81 /* AFURLSessionManager.h */,
				CCE77B5A210883FD00084C81 /* AFURLRequestSerialization.h */,
				CCE77B5B210883FD00084C81 /* AFURLResponseSerialization.m */,
				CCE77B5C210883FD00084C81 /* AFHTTPSessionManager.m */,
				CCE77B5D210883FD00084C81 /* AFURLResponseSerialization.h */,
				CCE77B5E210883FD00084C81 /* AFURLSessionManager.m */,
				CCE77B5F210883FD00084C81 /* AFURLRequestSerialization.m */,
				CCE77B60210883FD00084C81 /* AFNetworking.h */,
				CCE77B61210883FD00084C81 /* AFNetworkReachabilityManager.m */,
				CCE77B62210883FD00084C81 /* AFSecurityPolicy.m */,
				CCE77B63210883FD00084C81 /* AFCompatibilityMacros.h */,
				CCE77B64210883FD00084C81 /* AFHTTPSessionManager.h */,
			);
			path = AFNetworking;
			sourceTree = "<group>";
		};
		CCE77B65210883FD00084C81 /* MJHFoundation */ = {
			isa = PBXGroup;
			children = (
				CCE77B68210883FD00084C81 /* MJHFoundation */,
			);
			path = MJHFoundation;
			sourceTree = "<group>";
		};
		CCE77B68210883FD00084C81 /* MJHFoundation */ = {
			isa = PBXGroup;
			children = (
				CCE77B69210883FD00084C81 /* UIButton+MJHButton.m */,
				CCE77B6A210883FD00084C81 /* NSString+MJHRestfulRequestUtil.h */,
				CCE77B6B210883FD00084C81 /* MJHAFNetworking.h */,
				CCE77B6C210883FD00084C81 /* NSString+MJHEncryption.m */,
				CCE77B6D210883FD00084C81 /* NSString+MJHHelper.h */,
				CCE77B6E210883FD00084C81 /* UIColor+MJHColor.m */,
				CCE77B6F210883FD00084C81 /* NSDate+MJHDate.h */,
				CCE77B70210883FD00084C81 /* NSArray+MJHArray.m */,
				CCE77B71210883FD00084C81 /* UIImageView+MJHImageView.h */,
				CCE77B73210883FD00084C81 /* SVProgressHUD+MJHSVProgressHUDUtil.h */,
				CCE77B74210883FD00084C81 /* UIView+MJHView.m */,
				CCE77B75210883FD00084C81 /* NSObject+MJHRuntime.h */,
				CCE77B76210883FD00084C81 /* MJHCategoriesHeader.h */,
				CCE77B77210883FD00084C81 /* NSDictionary+MJHDictionary.h */,
				CCE77B78210883FD00084C81 /* NSData+MJHData.m */,
				CCE77B79210883FD00084C81 /* UIButton+MJHButton.h */,
				CCE77B7A210883FD00084C81 /* NSString+MJHEncryption.h */,
				CCE77B7B210883FD00084C81 /* MJHAFNetworking.m */,
				CCE77B7C210883FD00084C81 /* NSString+MJHRestfulRequestUtil.m */,
				CCE77B7D210883FD00084C81 /* NSDate+MJHDate.m */,
				CCE77B7E210883FD00084C81 /* UIColor+MJHColor.h */,
				CCE77B7F210883FD00084C81 /* NSString+MJHHelper.m */,
				CCE77B80210883FD00084C81 /* NSData+MJHData.h */,
				CCE77B81210883FD00084C81 /* NSDictionary+MJHDictionary.m */,
				CCE77B82210883FD00084C81 /* UIView+MJHView.h */,
				CCE77B83210883FD00084C81 /* NSObject+MJHRuntime.m */,
				CCE77B84210883FD00084C81 /* SVProgressHUD+MJHSVProgressHUDUtil.m */,
				CCE77B86210883FD00084C81 /* UIImageView+MJHImageView.m */,
				CCE77B87210883FD00084C81 /* NSArray+MJHArray.h */,
			);
			path = MJHFoundation;
			sourceTree = "<group>";
		};
/* End PBXGroup section */

/* Begin PBXNativeTarget section */
		CC9769AC2107EF1900ECD674 /* rootlink */ = {
			isa = PBXNativeTarget;
			buildConfigurationList = CC9769D92107EF1A00ECD674 /* Build configuration list for PBXNativeTarget "rootlink" */;
			buildPhases = (
				CC9769A92107EF1900ECD674 /* Sources */,
				CC9769AA2107EF1900ECD674 /* Frameworks */,
				CC9769AB2107EF1900ECD674 /* Resources */,
			);
			buildRules = (
			);
			dependencies = (
			);
			name = rootlink;
			productName = rootlink;
			productReference = CC9769AD2107EF1900ECD674 /* rootlink.app */;
			productType = "com.apple.product-type.application";
		};
		CC9769C42107EF1A00ECD674 /* rootlinkTests */ = {
			isa = PBXNativeTarget;
			buildConfigurationList = CC9769DC2107EF1A00ECD674 /* Build configuration list for PBXNativeTarget "rootlinkTests" */;
			buildPhases = (
				CC9769C12107EF1A00ECD674 /* Sources */,
				CC9769C22107EF1A00ECD674 /* Frameworks */,
				CC9769C32107EF1A00ECD674 /* Resources */,
			);
			buildRules = (
			);
			dependencies = (
				CC9769C72107EF1A00ECD674 /* PBXTargetDependency */,
			);
			name = rootlinkTests;
			productName = rootlinkTests;
			productReference = CC9769C52107EF1A00ECD674 /* rootlinkTests.xctest */;
			productType = "com.apple.product-type.bundle.unit-test";
		};
		CC9769CF2107EF1A00ECD674 /* rootlinkUITests */ = {
			isa = PBXNativeTarget;
			buildConfigurationList = CC9769DF2107EF1A00ECD674 /* Build configuration list for PBXNativeTarget "rootlinkUITests" */;
			buildPhases = (
				CC9769CC2107EF1A00ECD674 /* Sources */,
				CC9769CD2107EF1A00ECD674 /* Frameworks */,
				CC9769CE2107EF1A00ECD674 /* Resources */,
			);
			buildRules = (
			);
			dependencies = (
				CC9769D22107EF1A00ECD674 /* PBXTargetDependency */,
			);
			name = rootlinkUITests;
			productName = rootlinkUITests;
			productReference = CC9769D02107EF1A00ECD674 /* rootlinkUITests.xctest */;
			productType = "com.apple.product-type.bundle.ui-testing";
		};
/* End PBXNativeTarget section */

/* Begin PBXProject section */
		CC9769A52107EF1900ECD674 /* Project object */ = {
			isa = PBXProject;
			attributes = {
				LastUpgradeCheck = 0940;
				ORGANIZATIONNAME = rootlink;
				TargetAttributes = {
					CC9769AC2107EF1900ECD674 = {
						CreatedOnToolsVersion = 9.4.1;
						ProvisioningStyle = Automatic;
					};
					CC9769C42107EF1A00ECD674 = {
						CreatedOnToolsVersion = 9.4.1;
						ProvisioningStyle = Automatic;
						TestTargetID = CC9769AC2107EF1900ECD674;
					};
					CC9769CF2107EF1A00ECD674 = {
						CreatedOnToolsVersion = 9.4.1;
						ProvisioningStyle = Automatic;
						TestTargetID = CC9769AC2107EF1900ECD674;
					};
				};
			};
			buildConfigurationList = CC9769A82107EF1900ECD674 /* Build configuration list for PBXProject "rootlink" */;
			compatibilityVersion = "Xcode 8.0";
			developmentRegion = en;
			hasScannedForEncodings = 0;
			knownRegions = (
				en,
				Base,
			);
			mainGroup = CC9769A42107EF1900ECD674;
			productRefGroup = CC9769AE2107EF1900ECD674 /* Products */;
			projectDirPath = "";
			projectRoot = "";
			targets = (
				CC9769AC2107EF1900ECD674 /* rootlink */,
				CC9769C42107EF1A00ECD674 /* rootlinkTests */,
				CC9769CF2107EF1A00ECD674 /* rootlinkUITests */,
			);
		};
/* End PBXProject section */

/* Begin PBXResourcesBuildPhase section */
		CC9769AB2107EF1900ECD674 /* Resources */ = {
			isa = PBXResourcesBuildPhase;
			buildActionMask = 2147483647;
			files = (
				CCE77B90210883FD00084C81 /* SVProgressHUD.bundle in Resources */,
				CC9769ED2107FE0A00ECD674 /* DataTableViewCell.xib in Resources */,
				CC9769E82107FAD800ECD674 /* DataViewController.xib in Resources */,
				CC9769BD2107EF1A00ECD674 /* LaunchScreen.storyboard in Resources */,
				CC9769E32107EF3C00ECD674 /* ViewController.xib in Resources */,
				CC9769BA2107EF1A00ECD674 /* Assets.xcassets in Resources */,
			);
			runOnlyForDeploymentPostprocessing = 0;
		};
		CC9769C32107EF1A00ECD674 /* Resources */ = {
			isa = PBXResourcesBuildPhase;
			buildActionMask = 2147483647;
			files = (
			);
			runOnlyForDeploymentPostprocessing = 0;
		};
		CC9769CE2107EF1A00ECD674 /* Resources */ = {
			isa = PBXResourcesBuildPhase;
			buildActionMask = 2147483647;
			files = (
			);
			runOnlyForDeploymentPostprocessing = 0;
		};
/* End PBXResourcesBuildPhase section */

/* Begin PBXSourcesBuildPhase section */
		CC9769A92107EF1900ECD674 /* Sources */ = {
			isa = PBXSourcesBuildPhase;
			buildActionMask = 2147483647;
			files = (
				CCE77B8C210883FD00084C81 /* SVRadialGradientLayer.m in Sources */,
				CCE77B89210883FD00084C81 /* UIView+Toast.m in Sources */,
				CCE77B95210883FD00084C81 /* UIRefreshControl+AFNetworking.m in Sources */,
				CCE77B94210883FD00084C81 /* UIProgressView+AFNetworking.m in Sources */,
				CC9769E72107FAD800ECD674 /* DataViewController.m in Sources */,
				CCE77BAF210883FD00084C81 /* NSString+MJHHelper.m in Sources */,
				CCE77B97210883FD00084C81 /* UIImageView+AFNetworking.m in Sources */,
				CCE77BA2210883FD00084C81 /* AFSecurityPolicy.m in Sources */,
				CC9769B52107EF1900ECD674 /* ViewController.m in Sources */,
				CCE77BAE210883FD00084C81 /* NSDate+MJHDate.m in Sources */,
				CC9769C02107EF1A00ECD674 /* main.m in Sources */,
				CCE77BA6210883FD00084C81 /* NSString+MJHEncryption.m in Sources */,
				CCE77BAB210883FD00084C81 /* NSData+MJHData.m in Sources */,
				CCE77BA5210883FD00084C81 /* UIButton+MJHButton.m in Sources */,
				CCE77BAA210883FD00084C81 /* UIView+MJHView.m in Sources */,
				CCE77BAC210883FD00084C81 /* MJHAFNetworking.m in Sources */,
				CCE77B8F210883FD00084C81 /* SVIndefiniteAnimatedView.m in Sources */,
				CCE77B8E210883FD00084C81 /* SVProgressHUD.m in Sources */,
				CCE77B9A210883FD00084C81 /* UIWebView+AFNetworking.m in Sources */,
				CCE77B96210883FD00084C81 /* AFNetworkActivityIndicatorManager.m in Sources */,
				CCE77B9E210883FD00084C81 /* AFHTTPSessionManager.m in Sources */,
				CCE77BA8210883FD00084C81 /* NSArray+MJHArray.m in Sources */,
				CCE77B9C210883FD00084C81 /* AFImageDownloader.m in Sources */,
				CCE77BB0210883FD00084C81 /* NSDictionary+MJHDictionary.m in Sources */,
				CCE77BB3210883FD00084C81 /* UIImageView+MJHImageView.m in Sources */,
				CCE77B98210883FD00084C81 /* UIButton+AFNetworking.m in Sources */,
				CCE77B9F210883FD00084C81 /* AFURLSessionManager.m in Sources */,
				CCE77BB2210883FD00084C81 /* SVProgressHUD+MJHSVProgressHUDUtil.m in Sources */,
				CCE77BA7210883FD00084C81 /* UIColor+MJHColor.m in Sources */,
				CCE77B9D210883FD00084C81 /* AFURLResponseSerialization.m in Sources */,
				CC9769EC2107FE0A00ECD674 /* DataTableViewCell.m in Sources */,
				CC9769B22107EF1900ECD674 /* AppDelegate.m in Sources */,
				CCE77B9B210883FD00084C81 /* AFAutoPurgingImageCache.m in Sources */,
				CCE77BA0210883FD00084C81 /* AFURLRequestSerialization.m in Sources */,
				CCE77B99210883FD00084C81 /* UIActivityIndicatorView+AFNetworking.m in Sources */,
				CCE77BA1210883FD00084C81 /* AFNetworkReachabilityManager.m in Sources */,
				CCE77BAD210883FD00084C81 /* NSString+MJHRestfulRequestUtil.m in Sources */,
				CCE77BB1210883FD00084C81 /* NSObject+MJHRuntime.m in Sources */,
				CCE77B8D210883FD00084C81 /* SVProgressAnimatedView.m in Sources */,
			);
			runOnlyForDeploymentPostprocessing = 0;
		};
		CC9769C12107EF1A00ECD674 /* Sources */ = {
			isa = PBXSourcesBuildPhase;
			buildActionMask = 2147483647;
			files = (
				CC9769CA2107EF1A00ECD674 /* rootlinkTests.m in Sources */,
			);
			runOnlyForDeploymentPostprocessing = 0;
		};
		CC9769CC2107EF1A00ECD674 /* Sources */ = {
			isa = PBXSourcesBuildPhase;
			buildActionMask = 2147483647;
			files = (
				CC9769D52107EF1A00ECD674 /* rootlinkUITests.m in Sources */,
			);
			runOnlyForDeploymentPostprocessing = 0;
		};
/* End PBXSourcesBuildPhase section */

/* Begin PBXTargetDependency section */
		CC9769C72107EF1A00ECD674 /* PBXTargetDependency */ = {
			isa = PBXTargetDependency;
			target = CC9769AC2107EF1900ECD674 /* rootlink */;
			targetProxy = CC9769C62107EF1A00ECD674 /* PBXContainerItemProxy */;
		};
		CC9769D22107EF1A00ECD674 /* PBXTargetDependency */ = {
			isa = PBXTargetDependency;
			target = CC9769AC2107EF1900ECD674 /* rootlink */;
			targetProxy = CC9769D12107EF1A00ECD674 /* PBXContainerItemProxy */;
		};
/* End PBXTargetDependency section */

/* Begin PBXVariantGroup section */
		CC9769BB2107EF1A00ECD674 /* LaunchScreen.storyboard */ = {
			isa = PBXVariantGroup;
			children = (
				CC9769BC2107EF1A00ECD674 /* Base */,
			);
			name = LaunchScreen.storyboard;
			sourceTree = "<group>";
		};
/* End PBXVariantGroup section */

/* Begin XCBuildConfiguration section */
		CC9769D72107EF1A00ECD674 /* Debug */ = {
			isa = XCBuildConfiguration;
			buildSettings = {
				ALWAYS_SEARCH_USER_PATHS = NO;
				CLANG_ANALYZER_NONNULL = YES;
				CLANG_ANALYZER_NUMBER_OBJECT_CONVERSION = YES_AGGRESSIVE;
				CLANG_CXX_LANGUAGE_STANDARD = "gnu++14";
				CLANG_CXX_LIBRARY = "libc++";
				CLANG_ENABLE_MODULES = YES;
				CLANG_ENABLE_OBJC_ARC = YES;
				CLANG_ENABLE_OBJC_WEAK = YES;
				CLANG_WARN_BLOCK_CAPTURE_AUTORELEASING = YES;
				CLANG_WARN_BOOL_CONVERSION = YES;
				CLANG_WARN_COMMA = YES;
				CLANG_WARN_CONSTANT_CONVERSION = YES;
				CLANG_WARN_DEPRECATED_OBJC_IMPLEMENTATIONS = YES;
				CLANG_WARN_DIRECT_OBJC_ISA_USAGE = YES_ERROR;
				CLANG_WARN_DOCUMENTATION_COMMENTS = YES;
				CLANG_WARN_EMPTY_BODY = YES;
				CLANG_WARN_ENUM_CONVERSION = YES;
				CLANG_WARN_INFINITE_RECURSION = YES;
				CLANG_WARN_INT_CONVERSION = YES;
				CLANG_WARN_NON_LITERAL_NULL_CONVERSION = YES;
				CLANG_WARN_OBJC_IMPLICIT_RETAIN_SELF = YES;
				CLANG_WARN_OBJC_LITERAL_CONVERSION = YES;
				CLANG_WARN_OBJC_ROOT_CLASS = YES_ERROR;
				CLANG_WARN_RANGE_LOOP_ANALYSIS = YES;
				CLANG_WARN_STRICT_PROTOTYPES = YES;
				CLANG_WARN_SUSPICIOUS_MOVE = YES;
				CLANG_WARN_UNGUARDED_AVAILABILITY = YES_AGGRESSIVE;
				CLANG_WARN_UNREACHABLE_CODE = YES;
				CLANG_WARN__DUPLICATE_METHOD_MATCH = YES;
				CODE_SIGN_IDENTITY = "iPhone Developer";
				COPY_PHASE_STRIP = NO;
				DEBUG_INFORMATION_FORMAT = dwarf;
				ENABLE_STRICT_OBJC_MSGSEND = YES;
				ENABLE_TESTABILITY = YES;
				GCC_C_LANGUAGE_STANDARD = gnu11;
				GCC_DYNAMIC_NO_PIC = NO;
				GCC_NO_COMMON_BLOCKS = YES;
				GCC_OPTIMIZATION_LEVEL = 0;
				GCC_PREPROCESSOR_DEFINITIONS = (
					"DEBUG=1",
					"$(inherited)",
				);
				GCC_WARN_64_TO_32_BIT_CONVERSION = YES;
				GCC_WARN_ABOUT_RETURN_TYPE = YES_ERROR;
				GCC_WARN_UNDECLARED_SELECTOR = YES;
				GCC_WARN_UNINITIALIZED_AUTOS = YES_AGGRESSIVE;
				GCC_WARN_UNUSED_FUNCTION = YES;
				GCC_WARN_UNUSED_VARIABLE = YES;
				IPHONEOS_DEPLOYMENT_TARGET = 11.4;
				MTL_ENABLE_DEBUG_INFO = YES;
				ONLY_ACTIVE_ARCH = YES;
				SDKROOT = iphoneos;
			};
			name = Debug;
		};
		CC9769D82107EF1A00ECD674 /* Release */ = {
			isa = XCBuildConfiguration;
			buildSettings = {
				ALWAYS_SEARCH_USER_PATHS = NO;
				CLANG_ANALYZER_NONNULL = YES;
				CLANG_ANALYZER_NUMBER_OBJECT_CONVERSION = YES_AGGRESSIVE;
				CLANG_CXX_LANGUAGE_STANDARD = "gnu++14";
				CLANG_CXX_LIBRARY = "libc++";
				CLANG_ENABLE_MODULES = YES;
				CLANG_ENABLE_OBJC_ARC = YES;
				CLANG_ENABLE_OBJC_WEAK = YES;
				CLANG_WARN_BLOCK_CAPTURE_AUTORELEASING = YES;
				CLANG_WARN_BOOL_CONVERSION = YES;
				CLANG_WARN_COMMA = YES;
				CLANG_WARN_CONSTANT_CONVERSION = YES;
				CLANG_WARN_DEPRECATED_OBJC_IMPLEMENTATIONS = YES;
				CLANG_WARN_DIRECT_OBJC_ISA_USAGE = YES_ERROR;
				CLANG_WARN_DOCUMENTATION_COMMENTS = YES;
				CLANG_WARN_EMPTY_BODY = YES;
				CLANG_WARN_ENUM_CONVERSION = YES;
				CLANG_WARN_INFINITE_RECURSION = YES;
				CLANG_WARN_INT_CONVERSION = YES;
				CLANG_WARN_NON_LITERAL_NULL_CONVERSION = YES;
				CLANG_WARN_OBJC_IMPLICIT_RETAIN_SELF = YES;
				CLANG_WARN_OBJC_LITERAL_CONVERSION = YES;
				CLANG_WARN_OBJC_ROOT_CLASS = YES_ERROR;
				CLANG_WARN_RANGE_LOOP_ANALYSIS = YES;
				CLANG_WARN_STRICT_PROTOTYPES = YES;
				CLANG_WARN_SUSPICIOUS_MOVE = YES;
				CLANG_WARN_UNGUARDED_AVAILABILITY = YES_AGGRESSIVE;
				CLANG_WARN_UNREACHABLE_CODE = YES;
				CLANG_WARN__DUPLICATE_METHOD_MATCH = YES;
				CODE_SIGN_IDENTITY = "iPhone Developer";
				COPY_PHASE_STRIP = NO;
				DEBUG_INFORMATION_FORMAT = "dwarf-with-dsym";
				ENABLE_NS_ASSERTIONS = NO;
				ENABLE_STRICT_OBJC_MSGSEND = YES;
				GCC_C_LANGUAGE_STANDARD = gnu11;
				GCC_NO_COMMON_BLOCKS = YES;
				GCC_WARN_64_TO_32_BIT_CONVERSION = YES;
				GCC_WARN_ABOUT_RETURN_TYPE = YES_ERROR;
				GCC_WARN_UNDECLARED_SELECTOR = YES;
				GCC_WARN_UNINITIALIZED_AUTOS = YES_AGGRESSIVE;
				GCC_WARN_UNUSED_FUNCTION = YES;
				GCC_WARN_UNUSED_VARIABLE = YES;
				IPHONEOS_DEPLOYMENT_TARGET = 11.4;
				MTL_ENABLE_DEBUG_INFO = NO;
				SDKROOT = iphoneos;
				VALIDATE_PRODUCT = YES;
			};
			name = Release;
		};
		CC9769DA2107EF1A00ECD674 /* Debug */ = {
			isa = XCBuildConfiguration;
			baseConfigurationReference = 6FF8A5B0205091F19798A68A /* Pods-rootlink.debug.xcconfig */;
			buildSettings = {
				ASSETCATALOG_COMPILER_APPICON_NAME = AppIcon;
				CODE_SIGN_STYLE = Automatic;
				DEVELOPMENT_TEAM = DASVFR84HQ;
				INFOPLIST_FILE = rootlink/Info.plist;
				IPHONEOS_DEPLOYMENT_TARGET = 11.1;
				LD_RUNPATH_SEARCH_PATHS = "$(inherited) @executable_path/Frameworks";
				PRODUCT_BUNDLE_IDENTIFIER = rootlink.rootlink;
				PRODUCT_NAME = "$(TARGET_NAME)";
				TARGETED_DEVICE_FAMILY = "1,2";
			};
			name = Debug;
		};
		CC9769DB2107EF1A00ECD674 /* Release */ = {
			isa = XCBuildConfiguration;
			baseConfigurationReference = 77C00B59FE806C33F13471E0 /* Pods-rootlink.release.xcconfig */;
			buildSettings = {
				ASSETCATALOG_COMPILER_APPICON_NAME = AppIcon;
				CODE_SIGN_STYLE = Automatic;
				DEVELOPMENT_TEAM = DASVFR84HQ;
				INFOPLIST_FILE = rootlink/Info.plist;
				IPHONEOS_DEPLOYMENT_TARGET = 11.1;
				LD_RUNPATH_SEARCH_PATHS = "$(inherited) @executable_path/Frameworks";
				PRODUCT_BUNDLE_IDENTIFIER = rootlink.rootlink;
				PRODUCT_NAME = "$(TARGET_NAME)";
				TARGETED_DEVICE_FAMILY = "1,2";
			};
			name = Release;
		};
		CC9769DD2107EF1A00ECD674 /* Debug */ = {
			isa = XCBuildConfiguration;
			buildSettings = {
				BUNDLE_LOADER = "$(TEST_HOST)";
				CODE_SIGN_STYLE = Automatic;
				INFOPLIST_FILE = rootlinkTests/Info.plist;
				LD_RUNPATH_SEARCH_PATHS = "$(inherited) @executable_path/Frameworks @loader_path/Frameworks";
				PRODUCT_BUNDLE_IDENTIFIER = rootlink.rootlinkTests;
				PRODUCT_NAME = "$(TARGET_NAME)";
				TARGETED_DEVICE_FAMILY = "1,2";
				TEST_HOST = "$(BUILT_PRODUCTS_DIR)/rootlink.app/rootlink";
			};
			name = Debug;
		};
		CC9769DE2107EF1A00ECD674 /* Release */ = {
			isa = XCBuildConfiguration;
			buildSettings = {
				BUNDLE_LOADER = "$(TEST_HOST)";
				CODE_SIGN_STYLE = Automatic;
				INFOPLIST_FILE = rootlinkTests/Info.plist;
				LD_RUNPATH_SEARCH_PATHS = "$(inherited) @executable_path/Frameworks @loader_path/Frameworks";
				PRODUCT_BUNDLE_IDENTIFIER = rootlink.rootlinkTests;
				PRODUCT_NAME = "$(TARGET_NAME)";
				TARGETED_DEVICE_FAMILY = "1,2";
				TEST_HOST = "$(BUILT_PRODUCTS_DIR)/rootlink.app/rootlink";
			};
			name = Release;
		};
		CC9769E02107EF1A00ECD674 /* Debug */ = {
			isa = XCBuildConfiguration;
			buildSettings = {
				CODE_SIGN_STYLE = Automatic;
				INFOPLIST_FILE = rootlinkUITests/Info.plist;
				LD_RUNPATH_SEARCH_PATHS = "$(inherited) @executable_path/Frameworks @loader_path/Frameworks";
				PRODUCT_BUNDLE_IDENTIFIER = rootlink.rootlinkUITests;
				PRODUCT_NAME = "$(TARGET_NAME)";
				TARGETED_DEVICE_FAMILY = "1,2";
				TEST_TARGET_NAME = rootlink;
			};
			name = Debug;
		};
		CC9769E12107EF1A00ECD674 /* Release */ = {
			isa = XCBuildConfiguration;
			buildSettings = {
				CODE_SIGN_STYLE = Automatic;
				INFOPLIST_FILE = rootlinkUITests/Info.plist;
				LD_RUNPATH_SEARCH_PATHS = "$(inherited) @executable_path/Frameworks @loader_path/Frameworks";
				PRODUCT_BUNDLE_IDENTIFIER = rootlink.rootlinkUITests;
				PRODUCT_NAME = "$(TARGET_NAME)";
				TARGETED_DEVICE_FAMILY = "1,2";
				TEST_TARGET_NAME = rootlink;
			};
			name = Release;
		};
/* End XCBuildConfiguration section */

/* Begin XCConfigurationList section */
		CC9769A82107EF1900ECD674 /* Build configuration list for PBXProject "rootlink" */ = {
			isa = XCConfigurationList;
			buildConfigurations = (
				CC9769D72107EF1A00ECD674 /* Debug */,
				CC9769D82107EF1A00ECD674 /* Release */,
			);
			defaultConfigurationIsVisible = 0;
			defaultConfigurationName = Release;
		};
		CC9769D92107EF1A00ECD674 /* Build configuration list for PBXNativeTarget "rootlink" */ = {
			isa = XCConfigurationList;
			buildConfigurations = (
				CC9769DA2107EF1A00ECD674 /* Debug */,
				CC9769DB2107EF1A00ECD674 /* Release */,
			);
			defaultConfigurationIsVisible = 0;
			defaultConfigurationName = Release;
		};
		CC9769DC2107EF1A00ECD674 /* Build configuration list for PBXNativeTarget "rootlinkTests" */ = {
			isa = XCConfigurationList;
			buildConfigurations = (
				CC9769DD2107EF1A00ECD674 /* Debug */,
				CC9769DE2107EF1A00ECD674 /* Release */,
			);
			defaultConfigurationIsVisible = 0;
			defaultConfigurationName = Release;
		};
		CC9769DF2107EF1A00ECD674 /* Build configuration list for PBXNativeTarget "rootlinkUITests" */ = {
			isa = XCConfigurationList;
			buildConfigurations = (
				CC9769E02107EF1A00ECD674 /* Debug */,
				CC9769E12107EF1A00ECD674 /* Release */,
			);
			defaultConfigurationIsVisible = 0;
			defaultConfigurationName = Release;
		};
/* End XCConfigurationList section */
	};
	rootObject = CC9769A52107EF1900ECD674 /* Project object */;
}
